{"format_version":"1.0","provider_schemas":{"registry.terraform.io/cox-automotive/alks":{"provider":{"version":0,"block":{"attributes":{"access_key":{"type":"string","description":"This is the AWS access key. It must be provided, but it can also be sourced from the ALKS_ACCESS_KEY_ID or AWS_ACCESS_KEY_ID environment variable.","description_kind":"plain","optional":true},"account":{"type":"string","description":"The account which you'd like to retrieve credentials for.","description_kind":"plain","optional":true},"profile":{"type":"string","description":"The profile for API operations. Used in place of STS tokens.","description_kind":"plain","optional":true},"role":{"type":"string","description":"The role which you'd like to retrieve credentials for.","description_kind":"plain","optional":true},"secret_key":{"type":"string","description":"This is the AWS secret key. It must be provided, but it can also be sourced from the ALKS_SECRET_ACCESS_KEY or AWS_SECRET_ACCESS_KEY environment variable","description_kind":"plain","optional":true},"shared_credentials_file":{"type":"string","description":"The path to the shared credentials file. If not set this defaults to ~/.aws/credentials.","description_kind":"plain","optional":true},"token":{"type":"string","description":"This is the AWS session token. It must be provided, but it can also be sourced from the ALKS_SESSION_TOKEN or AWS_SESSION_TOKEN environment variable","description_kind":"plain","optional":true},"url":{"type":"string","description":"This is the base URL to ALKS service. It must be provided, but it can also be sourced from the ALKS_URL environment variable.","description_kind":"plain","required":true}},"block_types":{"assume_role":{"nesting_mode":"set","block":{"attributes":{"external_id":{"type":"string","description":"(Optional) The external ID to use when making the AssumeRole call. See AWS SDK for more details.","description_kind":"plain","optional":true},"policy":{"type":"string","description":"(Optional) Additional policy restrictions to apply to the result STS session.  See AWS SDK for more details.","description_kind":"plain","optional":true},"role_arn":{"type":"string","description":"(Required) Role ARN to assume before calling ALKS","description_kind":"plain","optional":true},"session_name":{"type":"string","description":"(Optional) Session name to use when making the AssumeRole call.  See AWS SDK for more details.","description_kind":"plain","optional":true}},"description_kind":"plain"},"max_items":1},"default_tags":{"nesting_mode":"list","block":{"attributes":{"tags":{"type":["map","string"],"description":"Resource tags to default across all resources","description_kind":"plain","optional":true}},"description":"Configuration block with settings to default resource tags across all resources.","description_kind":"plain"},"max_items":1},"ignore_tags":{"nesting_mode":"list","block":{"attributes":{"key_prefixes":{"type":["set","string"],"description":"Resource tag key prefixes to ignore across all resources.","description_kind":"plain","optional":true},"keys":{"type":["set","string"],"description":"Resource tag keys to ignore across all resources.","description_kind":"plain","optional":true}},"description":"Configuration block with settings to ignore resource tags across all resources.","description_kind":"plain"},"max_items":1}},"description_kind":"plain"}},"resource_schemas":{"alks_iamrole":{"version":1,"block":{"attributes":{"arn":{"type":"string","description_kind":"plain","computed":true},"assume_role_policy":{"type":"string","description_kind":"plain","optional":true},"enable_alks_access":{"type":"bool","description_kind":"plain","optional":true},"id":{"type":"string","description_kind":"plain","optional":true,"computed":true},"include_default_policies":{"type":"bool","description_kind":"plain","optional":true},"ip_arn":{"type":"string","description_kind":"plain","computed":true},"max_session_duration_in_seconds":{"type":"number","description_kind":"plain","optional":true},"name":{"type":"string","description_kind":"plain","optional":true,"computed":true},"name_prefix":{"type":"string","description_kind":"plain","optional":true,"computed":true},"role_added_to_ip":{"type":"bool","description_kind":"plain","computed":true},"tags":{"type":["map","string"],"description_kind":"plain","optional":true},"tags_all":{"type":["map","string"],"description_kind":"plain","optional":true,"computed":true},"template_fields":{"type":["map","string"],"description_kind":"plain","optional":true},"type":{"type":"string","description_kind":"plain","optional":true}},"description_kind":"plain"}},"alks_iamtrustrole":{"version":1,"block":{"attributes":{"arn":{"type":"string","description_kind":"plain","computed":true},"enable_alks_access":{"type":"bool","description_kind":"plain","optional":true},"id":{"type":"string","description_kind":"plain","optional":true,"computed":true},"ip_arn":{"type":"string","description_kind":"plain","computed":true},"max_session_duration_in_seconds":{"type":"number","description_kind":"plain","optional":true},"name":{"type":"string","description_kind":"plain","optional":true,"computed":true},"name_prefix":{"type":"string","description_kind":"plain","optional":true,"computed":true},"role_added_to_ip":{"type":"bool","description_kind":"plain","computed":true},"tags":{"type":["map","string"],"description_kind":"plain","optional":true},"tags_all":{"type":["map","string"],"description_kind":"plain","optional":true,"computed":true},"trust_arn":{"type":"string","description_kind":"plain","required":true},"type":{"type":"string","description_kind":"plain","required":true}},"description_kind":"plain"}},"alks_ltk":{"version":1,"block":{"attributes":{"access_key":{"type":"string","description_kind":"plain","computed":true,"sensitive":true},"iam_user_arn":{"type":"string","description_kind":"plain","computed":true},"iam_username":{"type":"string","description_kind":"plain","required":true},"id":{"type":"string","description_kind":"plain","optional":true,"computed":true},"secret_key":{"type":"string","description_kind":"plain","computed":true,"sensitive":true},"tags":{"type":["map","string"],"description_kind":"plain","optional":true},"tags_all":{"type":["map","string"],"description_kind":"plain","optional":true,"computed":true}},"description_kind":"plain"}}},"data_source_schemas":{"alks_keys":{"version":0,"block":{"attributes":{"access_key":{"type":"string","description_kind":"plain","computed":true},"account":{"type":"string","description_kind":"plain","computed":true},"id":{"type":"string","description_kind":"plain","optional":true,"computed":true},"role":{"type":"string","description_kind":"plain","computed":true},"secret_key":{"type":"string","description_kind":"plain","computed":true},"session_token":{"type":"string","description_kind":"plain","computed":true}},"description_kind":"plain"}}}}}}
